Microsoft Visual Studio Solution File, Format Version 11.00
# Visual Studio 2008

Project("{65008FA0-556C-B218-0732-BD1EFCB08DE9}") = "unity-mongodb-master", "Assembly-CSharp.csproj", "{F03BB814-251E-A787-9DF8-53EE3B0CB4D0}"
EndProject
Global
	GlobalSection(SolutionConfigurationPlatforms) = preSolution
		Debug|Any CPU = Debug|Any CPU
		Release|Any CPU = Release|Any CPU
	EndGlobalSection
	GlobalSection(ProjectConfigurationPlatforms) = postSolution
		{F03BB814-251E-A787-9DF8-53EE3B0CB4D0}.Debug|Any CPU.ActiveCfg = Debug|Any CPU
		{F03BB814-251E-A787-9DF8-53EE3B0CB4D0}.Debug|Any CPU.Build.0 = Debug|Any CPU
		{F03BB814-251E-A787-9DF8-53EE3B0CB4D0}.Release|Any CPU.ActiveCfg = Release|Any CPU
		{F03BB814-251E-A787-9DF8-53EE3B0CB4D0}.Release|Any CPU.Build.0 = Release|Any CPU
	EndGlobalSection
	GlobalSection(SolutionProperties) = preSolution
		HideSolutionNode = FALSE
	EndGlobalSection
	GlobalSection(MonoDevelopProperties) = preSolution
		StartupItem = Assembly-CSharp.csproj
	EndGlobalSection
EndGlobal
